
Microsoft Visual Studio Solution File, Format Version 12.00
# Visual Studio Version 17
VisualStudioVersion = 17.11.35219.272
MinimumVisualStudioVersion = 10.0.40219.1
Project("{FAE04EC0-301F-11D3-BF4B-00C04F79EFBC}") = "RecordBook", "RecordBook.csproj", "{C6E9057D-0748-48C6-A1DB-815A85E08D7A}"
EndProject
Global
	GlobalSection(SolutionConfigurationPlatforms) = preSolution
		Debug|Any CPU = Debug|Any CPU
		Release|Any CPU = Release|Any CPU
	EndGlobalSection
	GlobalSection(ProjectConfigurationPlatforms) = postSolution
		{C6E9057D-0748-48C6-A1DB-815A85E08D7A}.Debug|Any CPU.ActiveCfg = Debug|Any CPU
		{C6E9057D-0748-48C6-A1DB-815A85E08D7A}.Debug|Any CPU.Build.0 = Debug|Any CPU
		{C6E9057D-0748-48C6-A1DB-815A85E08D7A}.Release|Any CPU.ActiveCfg = Release|Any CPU
		{C6E9057D-0748-48C6-A1DB-815A85E08D7A}.Release|Any CPU.Build.0 = Release|Any CPU
	EndGlobalSection
	GlobalSection(SolutionProperties) = preSolution
		HideSolutionNode = FALSE
	EndGlobalSection
	GlobalSection(ExtensibilityGlobals) = postSolution
		SolutionGuid = {8B34834C-3C93-4E44-8F41-93318FC11551}
	EndGlobalSection
EndGlobal
